# THIS IS AN AUTOGENERATED FILE. DO NOT EDIT THIS FILE DIRECTLY.
# yarn lockfile v1


autoprefixer@10.4.5:
  version "10.4.5"
  resolved "https://registry.yarnpkg.com/autoprefixer/-/autoprefixer-10.4.5.tgz#662193c744094b53d3637f39be477e07bd904998"
  integrity sha512-Fvd8yCoA7lNX/OUllvS+aS1I7WRBclGXsepbvT8ZaPgrH24rgXpZzF0/6Hh3ZEkwg+0AES/Osd196VZmYoEFtw==
  dependencies:
    browserslist "^4.20.2"
    caniuse-lite "^1.0.30001332"
    fraction.js "^4.2.0"
    normalize-range "^0.1.2"
    picocolors "^1.0.0"
    postcss-value-parser "^4.2.0"

bootstrap@^5.2.0-beta1:
  version "5.2.0-beta1"
  resolved "https://registry.yarnpkg.com/bootstrap/-/bootstrap-5.2.0-beta1.tgz#75647ff7327c2cac9b8e1cb6728a790a5be4cefc"
  integrity sha512-6qbgs177WZEFY4SLQUq3tEHayYG80nfDmyTpdKi0MJqRMdS+HAoq24+YKfx6wf+nHY0rx8zrh477J1lFu4WzOA==

browserslist@^4.20.2:
  version "4.20.4"
  resolved "https://registry.yarnpkg.com/browserslist/-/browserslist-4.20.4.tgz#98096c9042af689ee1e0271333dbc564b8ce4477"
  integrity sha512-ok1d+1WpnU24XYN7oC3QWgTyMhY/avPJ/r9T00xxvUOIparA/gc+UPUMaod3i+G6s+nI2nUb9xZ5k794uIwShw==
  dependencies:
    caniuse-lite "^1.0.30001349"
    electron-to-chromium "^1.4.147"
    escalade "^3.1.1"
    node-releases "^2.0.5"
    picocolors "^1.0.0"

caniuse-lite@^1.0.30001332, caniuse-lite@^1.0.30001349:
  version "1.0.30001358"
  resolved "https://registry.yarnpkg.com/caniuse-lite/-/caniuse-lite-1.0.30001358.tgz#473d35dabf5e448b463095cab7924e96ccfb8c00"
  integrity sha512-hvp8PSRymk85R20bsDra7ZTCpSVGN/PAz9pSAjPSjKC+rNmnUk5vCRgJwiTT/O4feQ/yu/drvZYpKxxhbFuChw==

electron-to-chromium@^1.4.147:
  version "1.4.164"
  resolved "https://registry.yarnpkg.com/electron-to-chromium/-/electron-to-chromium-1.4.164.tgz#3d0f5c83557d8ec8a7faa531e498f198c3bd974a"
  integrity sha512-K7iy5y6XyP9Pzh3uaDti0KC4JUNT6T1tLG5RTOmesqq2YgAJpYYYJ32m+anvZYjCV35llPTEh87kvEV/uSsiyQ==

escalade@^3.1.1:
  version "3.1.1"
  resolved "https://registry.yarnpkg.com/escalade/-/escalade-3.1.1.tgz#d8cfdc7000965c5a0174b4a82eaa5c0552742e40"
  integrity sha512-k0er2gUkLf8O0zKJiAhmkTnJlTvINGv7ygDNPbeIsX/TJjGJZHuh9B2UxbsaEkmlEo9MfhrSzmhIlhRlI2GXnw==

fraction.js@^4.2.0:
  version "4.2.0"
  resolved "https://registry.yarnpkg.com/fraction.js/-/fraction.js-4.2.0.tgz#448e5109a313a3527f5a3ab2119ec4cf0e0e2950"
  integrity sha512-MhLuK+2gUcnZe8ZHlaaINnQLl0xRIGRfcGk2yl8xoQAfHrSsL3rYu6FCmBdkdbhc9EPlwyGHewaRsvwRMJtAlA==

node-releases@^2.0.5:
  version "2.0.5"
  resolved "https://registry.yarnpkg.com/node-releases/-/node-releases-2.0.5.tgz#280ed5bc3eba0d96ce44897d8aee478bfb3d9666"
  integrity sha512-U9h1NLROZTq9uE1SNffn6WuPDg8icmi3ns4rEl/oTfIle4iLjTliCzgTsbaIFMq/Xn078/lfY/BL0GWZ+psK4Q==

normalize-range@^0.1.2:
  version "0.1.2"
  resolved "https://registry.yarnpkg.com/normalize-range/-/normalize-range-0.1.2.tgz#2d10c06bdfd312ea9777695a4d28439456b75942"
  integrity sha512-bdok/XvKII3nUpklnV6P2hxtMNrCboOjAcyBuQnWEhO665FwrSNRxU+AqpsyvO6LgGYPspN+lu5CLtw4jPRKNA==

picocolors@^1.0.0:
  version "1.0.0"
  resolved "https://registry.yarnpkg.com/picocolors/-/picocolors-1.0.0.tgz#cb5bdc74ff3f51892236eaf79d68bc44564ab81c"
  integrity sha512-1fygroTLlHu66zi26VoTDv8yRgm0Fccecssto+MhsZ0D/DGW2sm8E8AjW7NU5VVTRt5GxbeZ5qBuJr+HyLYkjQ==

postcss-value-parser@^4.2.0:
  version "4.2.0"
  resolved "https://registry.yarnpkg.com/postcss-value-parser/-/postcss-value-parser-4.2.0.tgz#723c09920836ba6d3e5af019f92bc0971c02e514"
  integrity sha512-1NNCs6uurfkVbeXG4S8JFT9t19m45ICnif8zWLd5oPSZ50QnwMfK+H3jv408d4jw/7Bttv5axS5IiHoLaVNHeQ==
